# @generated - this file is auto-generated by `mise lock` https://mise.en.dev/dev-tools/mise-lock.html

[[tools.bats]]
version = "1.14.0"
backend = "aqua:bats-core/bats-core"

[tools.bats."platforms.linux-arm64"]
url = "https://github.com/bats-core/bats-core/archive/refs/tags/v1.14.0.tar.gz"
url_api = "https://api.github.com/repos/bats-core/bats-core/tarball/v1.14.0"

[tools.bats."platforms.linux-arm64-musl"]
url = "https://github.com/bats-core/bats-core/archive/refs/tags/v1.14.0.tar.gz"
url_api = "https://api.github.com/repos/bats-core/bats-core/tarball/v1.14.0"

[tools.bats."platforms.linux-x64"]
checksum = "blake3:9b3dc5d296f3da85ce1062c7f9648c979cf2b982f0151f785eaa84d448dec779"
url = "https://github.com/bats-core/bats-core/archive/refs/tags/v1.14.0.tar.gz"
url_api = "https://api.github.com/repos/bats-core/bats-core/tarball/v1.14.0"

[tools.bats."platforms.linux-x64-baseline"]
url = "https://github.com/bats-core/bats-core/archive/refs/tags/v1.14.0.tar.gz"
url_api = "https://api.github.com/repos/bats-core/bats-core/tarball/v1.14.0"

[tools.bats."platforms.linux-x64-musl"]
url = "https://github.com/bats-core/bats-core/archive/refs/tags/v1.14.0.tar.gz"
url_api = "https://api.github.com/repos/bats-core/bats-core/tarball/v1.14.0"

[tools.bats."platforms.linux-x64-musl-baseline"]
url = "https://github.com/bats-core/bats-core/archive/refs/tags/v1.14.0.tar.gz"
url_api = "https://api.github.com/repos/bats-core/bats-core/tarball/v1.14.0"

[tools.bats."platforms.macos-arm64"]
checksum = "blake3:9b3dc5d296f3da85ce1062c7f9648c979cf2b982f0151f785eaa84d448dec779"
url = "https://github.com/bats-core/bats-core/archive/refs/tags/v1.14.0.tar.gz"
url_api = "https://api.github.com/repos/bats-core/bats-core/tarball/v1.14.0"

[tools.bats."platforms.macos-x64"]
url = "https://github.com/bats-core/bats-core/archive/refs/tags/v1.14.0.tar.gz"
url_api = "https://api.github.com/repos/bats-core/bats-core/tarball/v1.14.0"

[tools.bats."platforms.macos-x64-baseline"]
url = "https://github.com/bats-core/bats-core/archive/refs/tags/v1.14.0.tar.gz"
url_api = "https://api.github.com/repos/bats-core/bats-core/tarball/v1.14.0"

[[tools.bun]]
version = "1.4.2"
backend = "core:bun"

[tools.bun."platforms.linux-arm64"]
checksum = "sha256:54328bbc2d9c8e0c9f892c544d66c57a83b84139e34909e5ee81758f1ac8fda7"
url = "https://github.com/oven-sh/bun/releases/download/bun-v1.4.2/bun-linux-aarch64.zip"

[tools.bun."platforms.linux-arm64-musl"]
checksum = "sha256:71760b6c8ea30623b81a4907cb815d48e2ea266f2e73e751534a44a0607950df"
url = "https://github.com/oven-sh/bun/releases/download/bun-v1.4.2/bun-linux-aarch64-musl.zip"

[tools.bun."platforms.linux-x64"]
checksum = "sha256:36368faef7527875d5ffa52e53cd48021741f2a83eb6208a8dd64068d422a913"
url = "https://github.com/oven-sh/bun/releases/download/bun-v1.4.2/bun-linux-x64.zip"

[tools.bun."platforms.linux-x64-baseline"]
checksum = "sha256:c678040f14fe0440eb839d37cbd0ce4c051a32da72806ac97de6a6aab6bf728f"
url = "https://github.com/oven-sh/bun/releases/download/bun-v1.4.2/bun-linux-x64-baseline.zip"

[tools.bun."platforms.linux-x64-musl"]
checksum = "sha256:4835eca59d6da70f4674f5642f6e459dcadab773695b2ed9922d131057989742"
url = "https://github.com/oven-sh/bun/releases/download/bun-v1.4.2/bun-linux-x64-musl.zip"

[tools.bun."platforms.linux-x64-musl-baseline"]
checksum = "sha256:76e1db84e98f22f78de0a87e309bfbbf297732847f9720db36750646c85c8c18"
url = "https://github.com/oven-sh/bun/releases/download/bun-v1.4.2/bun-linux-x64-musl-baseline.zip"

[tools.bun."platforms.macos-arm64"]
checksum = "sha256:90987a3a16d7db556d886ac3d551e7b6d3edf0a1cf43acaed622e8676be1d12f"
url = "https://github.com/oven-sh/bun/releases/download/bun-v1.4.2/bun-darwin-aarch64.zip"

[tools.bun."platforms.macos-x64"]
checksum = "sha256:80520d7e17526308c9185d261679ac6d27798d3803a0e9f7ff9121ab8affb012"
url = "https://github.com/oven-sh/bun/releases/download/bun-v1.4.2/bun-darwin-x64.zip"

[tools.bun."platforms.macos-x64-baseline"]
checksum = "sha256:bad5bbd6cf14d0980d115f5954c9ff904df619d5e994d2da1ffccd3f316300b0"
url = "https://github.com/oven-sh/bun/releases/download/bun-v1.4.2/bun-darwin-x64-baseline.zip"

[tools.bun."platforms.windows-x64"]
checksum = "sha256:ce4c17497b2f29712a99d3d53f028de28cd42e3bacb8589599e7f000e49b6405"
url = "https://github.com/oven-sh/bun/releases/download/bun-v1.4.2/bun-windows-x64.zip"

[tools.bun."platforms.windows-x64-baseline"]
checksum = "sha256:78c221c2376f79731ccf4e4af0b3bb46d81fefa3296c5abee09ad8a1b21e68c6"
url = "https://github.com/oven-sh/bun/releases/download/bun-v1.4.2/bun-windows-x64-baseline.zip"

[[tools."cargo:shpool"]]
version = "0.11.4"
backend = "cargo:shpool"

[[tools."cargo:worktrunk"]]
version = "0.77.0"
backend = "cargo:worktrunk"

[[tools.deno]]
version = "2.9.6"
backend = "core:deno"

[tools.deno."platforms.linux-arm64"]
checksum = "sha256:9a46afc6c392c7cd2ff71a31558935545b46408d0e87f7a86908c712721c046e"
url = "https://dl.deno.land/release/v2.9.6/deno-aarch64-unknown-linux-gnu.zip"

[tools.deno."platforms.linux-arm64-musl"]
checksum = "sha256:9a46afc6c392c7cd2ff71a31558935545b46408d0e87f7a86908c712721c046e"
url = "https://dl.deno.land/release/v2.9.6/deno-aarch64-unknown-linux-gnu.zip"

[tools.deno."platforms.linux-x64"]
checksum = "sha256:394f07f4da2bebe6ce6f1e7ce0fa16429b29b08c35e3fac3fe25972676dff4b2"
url = "https://dl.deno.land/release/v2.9.6/deno-x86_64-unknown-linux-gnu.zip"

[tools.deno."platforms.linux-x64-baseline"]
checksum = "sha256:394f07f4da2bebe6ce6f1e7ce0fa16429b29b08c35e3fac3fe25972676dff4b2"
url = "https://dl.deno.land/release/v2.9.6/deno-x86_64-unknown-linux-gnu.zip"

[tools.deno."platforms.linux-x64-musl"]
checksum = "sha256:394f07f4da2bebe6ce6f1e7ce0fa16429b29b08c35e3fac3fe25972676dff4b2"
url = "https://dl.deno.land/release/v2.9.6/deno-x86_64-unknown-linux-gnu.zip"

[tools.deno."platforms.linux-x64-musl-baseline"]
checksum = "sha256:394f07f4da2bebe6ce6f1e7ce0fa16429b29b08c35e3fac3fe25972676dff4b2"
url = "https://dl.deno.land/release/v2.9.6/deno-x86_64-unknown-linux-gnu.zip"

[tools.deno."platforms.macos-arm64"]
checksum = "sha256:213a2f304f04d3c9cb5220669afad138f60a5aab1fe80962abdeb8f35807a472"
url = "https://dl.deno.land/release/v2.9.6/deno-aarch64-apple-darwin.zip"

[tools.deno."platforms.macos-x64"]
checksum = "sha256:7d4524b82bcc557fe020a1a5b56956ed42b992ae5b28026e8ad5d17329533f5f"
url = "https://dl.deno.land/release/v2.9.6/deno-x86_64-apple-darwin.zip"

[tools.deno."platforms.macos-x64-baseline"]
checksum = "sha256:7d4524b82bcc557fe020a1a5b56956ed42b992ae5b28026e8ad5d17329533f5f"
url = "https://dl.deno.land/release/v2.9.6/deno-x86_64-apple-darwin.zip"

[tools.deno."platforms.windows-x64"]
checksum = "sha256:15e5300b0ba3c3695a7621d90160a746ec9e710228cee639afa9d580f6e3cd11"
url = "https://dl.deno.land/release/v2.9.6/deno-x86_64-pc-windows-msvc.zip"

[tools.deno."platforms.windows-x64-baseline"]
checksum = "sha256:15e5300b0ba3c3695a7621d90160a746ec9e710228cee639afa9d580f6e3cd11"
url = "https://dl.deno.land/release/v2.9.6/deno-x86_64-pc-windows-msvc.zip"

[[tools.go]]
version = "1.27.1"
backend = "core:go"

[tools.go."platforms.linux-arm64"]
checksum = "sha256:3450b45a3f9ee8568792736a5c5e70a1f2e9b36c35a8f74958c03e51d7d92bec"
url = "https://dl.google.com/go/go1.27.1.linux-arm64.tar.gz"

[tools.go."platforms.linux-arm64-musl"]
checksum = "sha256:3450b45a3f9ee8568792736a5c5e70a1f2e9b36c35a8f74958c03e51d7d92bec"
url = "https://dl.google.com/go/go1.27.1.linux-arm64.tar.gz"

[tools.go."platforms.linux-x64"]
checksum = "sha256:63d339f0da5ab53635a56f2490a7984dfe12dfcff22ad749f63edaf590168445"
url = "https://dl.google.com/go/go1.27.1.linux-amd64.tar.gz"

[tools.go."platforms.linux-x64-baseline"]
checksum = "sha256:63d339f0da5ab53635a56f2490a7984dfe12dfcff22ad749f63edaf590168445"
url = "https://dl.google.com/go/go1.27.1.linux-amd64.tar.gz"

[tools.go."platforms.linux-x64-musl"]
checksum = "sha256:63d339f0da5ab53635a56f2490a7984dfe12dfcff22ad749f63edaf590168445"
url = "https://dl.google.com/go/go1.27.1.linux-amd64.tar.gz"

[tools.go."platforms.linux-x64-musl-baseline"]
checksum = "sha256:63d339f0da5ab53635a56f2490a7984dfe12dfcff22ad749f63edaf590168445"
url = "https://dl.google.com/go/go1.27.1.linux-amd64.tar.gz"

[tools.go."platforms.macos-arm64"]
checksum = "sha256:ee215d57e0ec269c60cc9ceca68e6bda321ba9ee5afe24f4b0988703c2d87d12"
url = "https://dl.google.com/go/go1.27.1.darwin-arm64.tar.gz"

[tools.go."platforms.macos-x64"]
checksum = "sha256:8f8f52c6649542cf027bbc9b9c68d1ec042f9f34808a40413f0b8b3f66f3caa4"
url = "https://dl.google.com/go/go1.27.1.darwin-amd64.tar.gz"

[tools.go."platforms.macos-x64-baseline"]
checksum = "sha256:8f8f52c6649542cf027bbc9b9c68d1ec042f9f34808a40413f0b8b3f66f3caa4"
url = "https://dl.google.com/go/go1.27.1.darwin-amd64.tar.gz"

[tools.go."platforms.windows-x64"]
checksum = "sha256:a3911b5e0e1b1053f25ed0675f4c1c6aad1e2bfcf253df2b9be4caabd2edd95d"
url = "https://dl.google.com/go/go1.27.1.windows-amd64.zip"

[tools.go."platforms.windows-x64-baseline"]
checksum = "sha256:a3911b5e0e1b1053f25ed0675f4c1c6aad1e2bfcf253df2b9be4caabd2edd95d"
url = "https://dl.google.com/go/go1.27.1.windows-amd64.zip"

[[tools.node]]
version = "26.8.2"
backend = "core:node"

[tools.node."platforms.linux-arm64"]
checksum = "sha256:746cdbf21565b4ea06f77642bb0e85466de8bb722242be2c5e006f272c361c63"
url = "https://nodejs.org/dist/v26.8.2/node-v26.8.2-linux-arm64.tar.gz"

[tools.node."platforms.linux-arm64-musl"]
checksum = "sha256:125437a0b59d69592b8f4bb813a47245337afac8c973d15ab7720f0ec55d182d"
url = "https://unofficial-builds.nodejs.org/download/release/v26.8.2/node-v26.8.2-linux-arm64-musl.tar.gz"

[tools.node."platforms.linux-x64"]
checksum = "sha256:badb3fe6a61b85e1352ca6564dc56b8b7bd5ecd5c474c52acc21dd0cdd586f35"
url = "https://nodejs.org/dist/v26.8.2/node-v26.8.2-linux-x64.tar.gz"

[tools.node."platforms.linux-x64-baseline"]
checksum = "sha256:badb3fe6a61b85e1352ca6564dc56b8b7bd5ecd5c474c52acc21dd0cdd586f35"
url = "https://nodejs.org/dist/v26.8.2/node-v26.8.2-linux-x64.tar.gz"

[tools.node."platforms.linux-x64-musl"]
checksum = "sha256:696eb0180248a06c9893f3f07bcc4e2680891c83118c73aaf1de330efd053910"
url = "https://unofficial-builds.nodejs.org/download/release/v26.8.2/node-v26.8.2-linux-x64-musl.tar.gz"

[tools.node."platforms.linux-x64-musl-baseline"]
checksum = "sha256:696eb0180248a06c9893f3f07bcc4e2680891c83118c73aaf1de330efd053910"
url = "https://unofficial-builds.nodejs.org/download/release/v26.8.2/node-v26.8.2-linux-x64-musl.tar.gz"

[tools.node."platforms.macos-arm64"]
checksum = "sha256:974b6d5fb2fc7c33ff2354db0902b4e91c2de01ec8acc6de48e543c97e18c9e1"
url = "https://nodejs.org/dist/v26.8.2/node-v26.8.2-darwin-arm64.tar.gz"

[tools.node."platforms.macos-x64"]
checksum = "sha256:adb8feb2d4987df3d72d2ec46f4fc4b58039c859b8c3f0e3cc2d3c6cbaf8629c"
url = "https://nodejs.org/dist/v26.8.2/node-v26.8.2-darwin-x64.tar.gz"

[tools.node."platforms.macos-x64-baseline"]
checksum = "sha256:adb8feb2d4987df3d72d2ec46f4fc4b58039c859b8c3f0e3cc2d3c6cbaf8629c"
url = "https://nodejs.org/dist/v26.8.2/node-v26.8.2-darwin-x64.tar.gz"

[tools.node."platforms.windows-x64"]
checksum = "sha256:cf02f5d0c06c794b84f277177d5cf3743d0924ca49f6641cd435dd7cb6ee9085"
url = "https://nodejs.org/dist/v26.8.2/node-v26.8.2-win-x64.zip"

[tools.node."platforms.windows-x64-baseline"]
checksum = "sha256:cf02f5d0c06c794b84f277177d5cf3743d0924ca49f6641cd435dd7cb6ee9085"
url = "https://nodejs.org/dist/v26.8.2/node-v26.8.2-win-x64.zip"

[[tools."npm:@earendil-works/pi-coding-agent"]]
version = "0.85.1"
backend = "npm:@earendil-works/pi-coding-agent"

[[tools."npm:typescript"]]
version = "7.0.2"
backend = "npm:typescript"

[[tools."npm:typescript-language-server"]]
version = "6.0.0"
backend = "npm:typescript-language-server"

[[tools."npm:yaml-language-server"]]
version = "1.24.0"
backend = "npm:yaml-language-server"

[[tools.pnpm]]
version = "12.3.4"
backend = "aqua:pnpm/pnpm"

[tools.pnpm."platforms.linux-arm64"]
checksum = "sha256:95e71a2a30bbc0b77511f95cf096779068dcad6ffcbbfdf0cd4dde9de2b2b97c"
url = "https://github.com/pnpm/pnpm/releases/download/v12.3.4/pnpm-linux-arm64.tar.gz"
url_api = "https://api.github.com/repos/pnpm/pnpm/releases/assets/544431953"
provenance = "github-attestations"

[tools.pnpm."platforms.linux-arm64-musl"]
checksum = "sha256:75c0b268cedbf9b57b69dcef576b9b307dd5b7650c1f967ac1b8f8d6afc1ca25"
url = "https://github.com/pnpm/pnpm/releases/download/v12.3.4/pnpm-linux-arm64-musl.tar.gz"
url_api = "https://api.github.com/repos/pnpm/pnpm/releases/assets/544431955"
provenance = "github-attestations"

[tools.pnpm."platforms.linux-x64"]
checksum = "sha256:9705e5704b4679fb503c963a18d1ac4f105e39aafafca8a2ed346facdf820cd0"
url = "https://github.com/pnpm/pnpm/releases/download/v12.3.4/pnpm-linux-x64.tar.gz"
url_api = "https://api.github.com/repos/pnpm/pnpm/releases/assets/544431952"
provenance = "github-attestations"

[tools.pnpm."platforms.linux-x64-baseline"]
checksum = "sha256:9705e5704b4679fb503c963a18d1ac4f105e39aafafca8a2ed346facdf820cd0"
url = "https://github.com/pnpm/pnpm/releases/download/v12.3.4/pnpm-linux-x64.tar.gz"
url_api = "https://api.github.com/repos/pnpm/pnpm/releases/assets/544431952"
provenance = "github-attestations"

[tools.pnpm."platforms.linux-x64-musl"]
checksum = "sha256:e4c4f54599627cc0646fbb2ea8103bd6c88634533fbd6c6f5ca0f6fe7d6f5d9c"
url = "https://github.com/pnpm/pnpm/releases/download/v12.3.4/pnpm-linux-x64-musl.tar.gz"
url_api = "https://api.github.com/repos/pnpm/pnpm/releases/assets/544431957"
provenance = "github-attestations"

[tools.pnpm."platforms.linux-x64-musl-baseline"]
checksum = "sha256:e4c4f54599627cc0646fbb2ea8103bd6c88634533fbd6c6f5ca0f6fe7d6f5d9c"
url = "https://github.com/pnpm/pnpm/releases/download/v12.3.4/pnpm-linux-x64-musl.tar.gz"
url_api = "https://api.github.com/repos/pnpm/pnpm/releases/assets/544431957"
provenance = "github-attestations"

[tools.pnpm."platforms.macos-arm64"]
checksum = "sha256:9560243d4e92780c4466bac2ee6aac4166c8bb601ad3c63f070cdd701b28f360"
url = "https://github.com/pnpm/pnpm/releases/download/v12.3.4/pnpm-darwin-arm64.tar.gz"
url_api = "https://api.github.com/repos/pnpm/pnpm/releases/assets/544431956"
provenance = "github-attestations"

[tools.pnpm."platforms.windows-x64"]
checksum = "sha256:ada0d8b62adff9884686d473e27d0f57ef2ca4a044d23a7c6782af86b9a8a6cf"
url = "https://github.com/pnpm/pnpm/releases/download/v12.3.4/pnpm-win32-x64.zip"
url_api = "https://api.github.com/repos/pnpm/pnpm/releases/assets/544431954"
provenance = "github-attestations"

[tools.pnpm."platforms.windows-x64-baseline"]
checksum = "sha256:ada0d8b62adff9884686d473e27d0f57ef2ca4a044d23a7c6782af86b9a8a6cf"
url = "https://github.com/pnpm/pnpm/releases/download/v12.3.4/pnpm-win32-x64.zip"
url_api = "https://api.github.com/repos/pnpm/pnpm/releases/assets/544431954"
provenance = "github-attestations"

[[tools.rust]]
version = "1.98.1"
backend = "core:rust"

[[tools.uv]]
version = "0.12.11"
backend = "aqua:astral-sh/uv"

[tools.uv."platforms.linux-arm64"]
checksum = "sha256:de99cafdeb5ee6f61ac3acd6d9dc6a1ef166f9398fa5623c436246ee1ecea099"
url = "https://github.com/astral-sh/uv/releases/download/0.12.11/uv-aarch64-unknown-linux-musl.tar.gz"
url_api = "https://api.github.com/repos/astral-sh/uv/releases/assets/551278510"
provenance = "github-attestations"

[tools.uv."platforms.linux-arm64-musl"]
checksum = "sha256:de99cafdeb5ee6f61ac3acd6d9dc6a1ef166f9398fa5623c436246ee1ecea099"
url = "https://github.com/astral-sh/uv/releases/download/0.12.11/uv-aarch64-unknown-linux-musl.tar.gz"
url_api = "https://api.github.com/repos/astral-sh/uv/releases/assets/551278510"
provenance = "github-attestations"

[tools.uv."platforms.linux-x64"]
checksum = "sha256:3343303ad6b4f9537ae0abfb36f1926a90c0445ba8f23d0e0a840a66a124cffd"
url = "https://github.com/astral-sh/uv/releases/download/0.12.11/uv-x86_64-unknown-linux-musl.tar.gz"
url_api = "https://api.github.com/repos/astral-sh/uv/releases/assets/551278646"
provenance = "github-attestations"

[tools.uv."platforms.linux-x64-baseline"]
checksum = "sha256:3343303ad6b4f9537ae0abfb36f1926a90c0445ba8f23d0e0a840a66a124cffd"
url = "https://github.com/astral-sh/uv/releases/download/0.12.11/uv-x86_64-unknown-linux-musl.tar.gz"
url_api = "https://api.github.com/repos/astral-sh/uv/releases/assets/551278646"
provenance = "github-attestations"

[tools.uv."platforms.linux-x64-musl"]
checksum = "sha256:3343303ad6b4f9537ae0abfb36f1926a90c0445ba8f23d0e0a840a66a124cffd"
url = "https://github.com/astral-sh/uv/releases/download/0.12.11/uv-x86_64-unknown-linux-musl.tar.gz"
url_api = "https://api.github.com/repos/astral-sh/uv/releases/assets/551278646"
provenance = "github-attestations"

[tools.uv."platforms.linux-x64-musl-baseline"]
checksum = "sha256:3343303ad6b4f9537ae0abfb36f1926a90c0445ba8f23d0e0a840a66a124cffd"
url = "https://github.com/astral-sh/uv/releases/download/0.12.11/uv-x86_64-unknown-linux-musl.tar.gz"
url_api = "https://api.github.com/repos/astral-sh/uv/releases/assets/551278646"
provenance = "github-attestations"

[tools.uv."platforms.macos-arm64"]
checksum = "sha256:e01b69ee15e81918d5e8fc9cf39b3db7f59c5576e5e306cd9b7aeb2c7b7321c3"
url = "https://github.com/astral-sh/uv/releases/download/0.12.11/uv-aarch64-apple-darwin.tar.gz"
url_api = "https://api.github.com/repos/astral-sh/uv/releases/assets/551278468"
provenance = "github-attestations"

[tools.uv."platforms.macos-x64"]
checksum = "sha256:96d773bf5fda4f9b08c4444847f9183d1c14bc8a28ff9c0490e261a8fc6e5309"
url = "https://github.com/astral-sh/uv/releases/download/0.12.11/uv-x86_64-apple-darwin.tar.gz"
url_api = "https://api.github.com/repos/astral-sh/uv/releases/assets/551278628"
provenance = "github-attestations"

[tools.uv."platforms.macos-x64-baseline"]
checksum = "sha256:96d773bf5fda4f9b08c4444847f9183d1c14bc8a28ff9c0490e261a8fc6e5309"
url = "https://github.com/astral-sh/uv/releases/download/0.12.11/uv-x86_64-apple-darwin.tar.gz"
url_api = "https://api.github.com/repos/astral-sh/uv/releases/assets/551278628"
provenance = "github-attestations"

[tools.uv."platforms.windows-x64"]
checksum = "sha256:e94225dea91e051472847bd6d146d7d66c4f54ffcd1f106678866a99580845f9"
url = "https://github.com/astral-sh/uv/releases/download/0.12.11/uv-x86_64-pc-windows-msvc.zip"
url_api = "https://api.github.com/repos/astral-sh/uv/releases/assets/551278631"
provenance = "github-attestations"

[tools.uv."platforms.windows-x64-baseline"]
checksum = "sha256:e94225dea91e051472847bd6d146d7d66c4f54ffcd1f106678866a99580845f9"
url = "https://github.com/astral-sh/uv/releases/download/0.12.11/uv-x86_64-pc-windows-msvc.zip"
url_api = "https://api.github.com/repos/astral-sh/uv/releases/assets/551278631"
provenance = "github-attestations"
